
Microsoft Visual Studio Solution File, Format Version 12.00
# Visual Studio Version 16
VisualStudioVersion = 16.0.31702.278
MinimumVisualStudioVersion = 10.0.40219.1
Project("{FAE04EC0-301F-11D3-BF4B-00C04F79EFBC}") = "TicTocToeBoard", "TicTocToeBoard\TicTocToeBoard.csproj", "{87D21B58-8DC9-4FD7-99C9-A5CC9B8781E5}"
EndProject
Global
	GlobalSection(SolutionConfigurationPlatforms) = preSolution
		Debug|Any CPU = Debug|Any CPU
		Release|Any CPU = Release|Any CPU
	EndGlobalSection
	GlobalSection(ProjectConfigurationPlatforms) = postSolution
		{87D21B58-8DC9-4FD7-99C9-A5CC9B8781E5}.Debug|Any CPU.ActiveCfg = Debug|Any CPU
		{87D21B58-8DC9-4FD7-99C9-A5CC9B8781E5}.Debug|Any CPU.Build.0 = Debug|Any CPU
		{87D21B58-8DC9-4FD7-99C9-A5CC9B8781E5}.Release|Any CPU.ActiveCfg = Release|Any CPU
		{87D21B58-8DC9-4FD7-99C9-A5CC9B8781E5}.Release|Any CPU.Build.0 = Release|Any CPU
	EndGlobalSection
	GlobalSection(SolutionProperties) = preSolution
		HideSolutionNode = FALSE
	EndGlobalSection
	GlobalSection(ExtensibilityGlobals) = postSolution
		SolutionGuid = {EA1AEFD3-525D-4AD0-B5AC-FA1E3CCA61E0}
	EndGlobalSection
EndGlobal
